
Microsoft Visual Studio Solution File, Format Version 12.00
# Visual Studio Version 17
VisualStudioVersion = 17.12.35527.113
MinimumVisualStudioVersion = 10.0.40219.1
Project("{2150E333-8FDC-42A3-9474-1A3956D46DE8}") = "UsersService", "UsersService", "{F602F3C1-97E2-4FC1-AE50-EB5EF6188FED}"
EndProject
Project("{2150E333-8FDC-42A3-9474-1A3956D46DE8}") = "RecipesService", "RecipesService", "{EFA96E05-BA46-4EDF-9ED3-3A7C6E7505B4}"
EndProject
Project("{2150E333-8FDC-42A3-9474-1A3956D46DE8}") = "NotificationService", "NotificationService", "{23C2F006-8A8A-4B7B-90A4-658ACC118656}"
EndProject
Project("{2150E333-8FDC-42A3-9474-1A3956D46DE8}") = "GroceryListService", "GroceryListService", "{938EAF21-2216-4482-A1BF-9A33BFE15318}"
EndProject
Project("{FAE04EC0-301F-11D3-BF4B-00C04F79EFBC}") = "GroceryList.API", "GroceryListService\GroceryList.API\GroceryList.API.csproj", "{DDE9D82C-426B-4EEB-B1BF-926AB8D389BA}"
EndProject
Project("{FAE04EC0-301F-11D3-BF4B-00C04F79EFBC}") = "Recipes.API", "RecipesService\Recipes.API\Recipes.API.csproj", "{027B83FA-11EE-4F30-AB95-74D3C08DB5F5}"
EndProject
Project("{FAE04EC0-301F-11D3-BF4B-00C04F79EFBC}") = "Notifications.API", "NotificationService\Notifications.API\Notifications.API.csproj", "{DE6BE0FF-6A7B-48EB-9135-B6AB6383C599}"
EndProject
Project("{2150E333-8FDC-42A3-9474-1A3956D46DE8}") = "Common", "Common", "{2540D03B-A8C0-4F29-A5EB-D41C94D3ECE2}"
EndProject
Project("{FAE04EC0-301F-11D3-BF4B-00C04F79EFBC}") = "Messaging.Kafka", "Messaging.Kafka\Messaging.Kafka.csproj", "{F96C7D98-E8F9-4A1A-A26C-9942B6D7F481}"
EndProject
Project("{FAE04EC0-301F-11D3-BF4B-00C04F79EFBC}") = "Notifications.Application", "NotificationService\Notifications.Application\Notifications.Application.csproj", "{579E7EB4-B739-4E6C-9FEA-26ACB7C0D572}"
EndProject
Project("{FAE04EC0-301F-11D3-BF4B-00C04F79EFBC}") = "Notifications.Domain", "NotificationService\Notifications.Domain\Notifications.Domain.csproj", "{C32EF8C2-4DC9-4108-B06A-EDA6E2CCDB17}"
EndProject
Project("{FAE04EC0-301F-11D3-BF4B-00C04F79EFBC}") = "Notifications.Infrastructure", "NotificationService\Notifications.Infrastructure\Notifications.Infrastructure.csproj", "{187C989D-F61B-42F3-9DDC-040ABDE38E9A}"
EndProject
Project("{FAE04EC0-301F-11D3-BF4B-00C04F79EFBC}") = "GroceryList.Application", "GroceryListService\GroceryList.Application\GroceryList.Application.csproj", "{2CA7DA3F-B4E9-40FA-A652-CE772E23BD1E}"
EndProject
Project("{FAE04EC0-301F-11D3-BF4B-00C04F79EFBC}") = "GroceryList.Domain", "GroceryListService\GroceryList.Domain\GroceryList.Domain.csproj", "{75636F04-31F1-440A-9EA4-7F7B89FC69C8}"
EndProject
Project("{FAE04EC0-301F-11D3-BF4B-00C04F79EFBC}") = "GroceryList.Infrastructure", "GroceryListService\GroceryList.Infrastructure\GroceryList.Infrastructure.csproj", "{8A8F0EE4-EB28-415C-ABFA-A3BD6802A3F7}"
EndProject
Project("{FAE04EC0-301F-11D3-BF4B-00C04F79EFBC}") = "Recipes.Application", "RecipesService\Recipes.Application\Recipes.Application.csproj", "{047CE52A-EE35-4E2F-9879-8CCD8DDF65BB}"
EndProject
Project("{FAE04EC0-301F-11D3-BF4B-00C04F79EFBC}") = "Recipes.Domain", "RecipesService\Recipes.Domain\Recipes.Domain.csproj", "{FBCBCD6A-AC72-4C17-A854-B4817C7827BD}"
EndProject
Project("{FAE04EC0-301F-11D3-BF4B-00C04F79EFBC}") = "Recipes.Infrastructure", "RecipesService\Recipes.Infrastucture\Recipes.Infrastructure.csproj", "{56F69907-81E1-4F01-92D0-C337C56823C1}"
EndProject
Project("{FAE04EC0-301F-11D3-BF4B-00C04F79EFBC}") = "Users.API", "UsersService\Users.API\Users.API.csproj", "{6E42F8DA-6BDD-4510-9E8A-8493F0623D44}"
EndProject
Project("{2150E333-8FDC-42A3-9474-1A3956D46DE8}") = "AuthModule", "AuthModule", "{A55AA7E4-77B4-410B-B196-F6FE0E5F6AE5}"
EndProject
Project("{2150E333-8FDC-42A3-9474-1A3956D46DE8}") = "ProfileModule", "ProfileModule", "{0D62784F-AC6E-4AE5-B402-B8B4193490FC}"
EndProject
Project("{FAE04EC0-301F-11D3-BF4B-00C04F79EFBC}") = "Auth.Core", "UsersService\Auth.Core\Auth.Core.csproj", "{D54ABB6D-7B09-4F00-8FA5-13D33B79E94C}"
EndProject
Project("{FAE04EC0-301F-11D3-BF4B-00C04F79EFBC}") = "Auth.API", "UsersService\Auth.Api\Auth.API.csproj", "{9EEEBB0A-C399-4B99-8CE8-F97B0012E620}"
EndProject
Project("{FAE04EC0-301F-11D3-BF4B-00C04F79EFBC}") = "Auth.Infrastructure", "UsersService\Auth.Infrastructure\Auth.Infrastructure.csproj", "{528FD532-6EDF-4D6C-B6F5-D00777C672F5}"
EndProject
Project("{FAE04EC0-301F-11D3-BF4B-00C04F79EFBC}") = "Profile.Core", "UsersService\Profile.Core\Profile.Core.csproj", "{E669CB87-40FB-4C0A-ABC6-3007AF9C1345}"
EndProject
Project("{FAE04EC0-301F-11D3-BF4B-00C04F79EFBC}") = "Profile.API", "UsersService\Profile.API\Profile.API.csproj", "{4E7AC92B-163B-4E9A-AC8F-5518B8F0F87B}"
EndProject
Project("{FAE04EC0-301F-11D3-BF4B-00C04F79EFBC}") = "Profile.Infrastructure", "UsersService\Profile.Infrastructure\Profile.Infrastructure.csproj", "{38893BCA-E2A7-40B2-B996-0A924DEACDE2}"
EndProject
Global
	GlobalSection(SolutionConfigurationPlatforms) = preSolution
		Debug|Any CPU = Debug|Any CPU
		Release|Any CPU = Release|Any CPU
	EndGlobalSection
	GlobalSection(ProjectConfigurationPlatforms) = postSolution
		{DDE9D82C-426B-4EEB-B1BF-926AB8D389BA}.Debug|Any CPU.ActiveCfg = Debug|Any CPU
		{DDE9D82C-426B-4EEB-B1BF-926AB8D389BA}.Debug|Any CPU.Build.0 = Debug|Any CPU
		{DDE9D82C-426B-4EEB-B1BF-926AB8D389BA}.Release|Any CPU.ActiveCfg = Release|Any CPU
		{DDE9D82C-426B-4EEB-B1BF-926AB8D389BA}.Release|Any CPU.Build.0 = Release|Any CPU
		{027B83FA-11EE-4F30-AB95-74D3C08DB5F5}.Debug|Any CPU.ActiveCfg = Debug|Any CPU
		{027B83FA-11EE-4F30-AB95-74D3C08DB5F5}.Debug|Any CPU.Build.0 = Debug|Any CPU
		{027B83FA-11EE-4F30-AB95-74D3C08DB5F5}.Release|Any CPU.ActiveCfg = Release|Any CPU
		{027B83FA-11EE-4F30-AB95-74D3C08DB5F5}.Release|Any CPU.Build.0 = Release|Any CPU
		{DE6BE0FF-6A7B-48EB-9135-B6AB6383C599}.Debug|Any CPU.ActiveCfg = Debug|Any CPU
		{DE6BE0FF-6A7B-48EB-9135-B6AB6383C599}.Debug|Any CPU.Build.0 = Debug|Any CPU
		{DE6BE0FF-6A7B-48EB-9135-B6AB6383C599}.Release|Any CPU.ActiveCfg = Release|Any CPU
		{DE6BE0FF-6A7B-48EB-9135-B6AB6383C599}.Release|Any CPU.Build.0 = Release|Any CPU
		{F96C7D98-E8F9-4A1A-A26C-9942B6D7F481}.Debug|Any CPU.ActiveCfg = Debug|Any CPU
		{F96C7D98-E8F9-4A1A-A26C-9942B6D7F481}.Debug|Any CPU.Build.0 = Debug|Any CPU
		{F96C7D98-E8F9-4A1A-A26C-9942B6D7F481}.Release|Any CPU.ActiveCfg = Release|Any CPU
		{F96C7D98-E8F9-4A1A-A26C-9942B6D7F481}.Release|Any CPU.Build.0 = Release|Any CPU
		{579E7EB4-B739-4E6C-9FEA-26ACB7C0D572}.Debug|Any CPU.ActiveCfg = Debug|Any CPU
		{579E7EB4-B739-4E6C-9FEA-26ACB7C0D572}.Debug|Any CPU.Build.0 = Debug|Any CPU
		{579E7EB4-B739-4E6C-9FEA-26ACB7C0D572}.Release|Any CPU.ActiveCfg = Release|Any CPU
		{579E7EB4-B739-4E6C-9FEA-26ACB7C0D572}.Release|Any CPU.Build.0 = Release|Any CPU
		{C32EF8C2-4DC9-4108-B06A-EDA6E2CCDB17}.Debug|Any CPU.ActiveCfg = Debug|Any CPU
		{C32EF8C2-4DC9-4108-B06A-EDA6E2CCDB17}.Debug|Any CPU.Build.0 = Debug|Any CPU
		{C32EF8C2-4DC9-4108-B06A-EDA6E2CCDB17}.Release|Any CPU.ActiveCfg = Release|Any CPU
		{C32EF8C2-4DC9-4108-B06A-EDA6E2CCDB17}.Release|Any CPU.Build.0 = Release|Any CPU
		{187C989D-F61B-42F3-9DDC-040ABDE38E9A}.Debug|Any CPU.ActiveCfg = Debug|Any CPU
		{187C989D-F61B-42F3-9DDC-040ABDE38E9A}.Debug|Any CPU.Build.0 = Debug|Any CPU
		{187C989D-F61B-42F3-9DDC-040ABDE38E9A}.Release|Any CPU.ActiveCfg = Release|Any CPU
		{187C989D-F61B-42F3-9DDC-040ABDE38E9A}.Release|Any CPU.Build.0 = Release|Any CPU
		{2CA7DA3F-B4E9-40FA-A652-CE772E23BD1E}.Debug|Any CPU.ActiveCfg = Debug|Any CPU
		{2CA7DA3F-B4E9-40FA-A652-CE772E23BD1E}.Debug|Any CPU.Build.0 = Debug|Any CPU
		{2CA7DA3F-B4E9-40FA-A652-CE772E23BD1E}.Release|Any CPU.ActiveCfg = Release|Any CPU
		{2CA7DA3F-B4E9-40FA-A652-CE772E23BD1E}.Release|Any CPU.Build.0 = Release|Any CPU
		{75636F04-31F1-440A-9EA4-7F7B89FC69C8}.Debug|Any CPU.ActiveCfg = Debug|Any CPU
		{75636F04-31F1-440A-9EA4-7F7B89FC69C8}.Debug|Any CPU.Build.0 = Debug|Any CPU
		{75636F04-31F1-440A-9EA4-7F7B89FC69C8}.Release|Any CPU.ActiveCfg = Release|Any CPU
		{75636F04-31F1-440A-9EA4-7F7B89FC69C8}.Release|Any CPU.Build.0 = Release|Any CPU
		{8A8F0EE4-EB28-415C-ABFA-A3BD6802A3F7}.Debug|Any CPU.ActiveCfg = Debug|Any CPU
		{8A8F0EE4-EB28-415C-ABFA-A3BD6802A3F7}.Debug|Any CPU.Build.0 = Debug|Any CPU
		{8A8F0EE4-EB28-415C-ABFA-A3BD6802A3F7}.Release|Any CPU.ActiveCfg = Release|Any CPU
		{8A8F0EE4-EB28-415C-ABFA-A3BD6802A3F7}.Release|Any CPU.Build.0 = Release|Any CPU
		{047CE52A-EE35-4E2F-9879-8CCD8DDF65BB}.Debug|Any CPU.ActiveCfg = Debug|Any CPU
		{047CE52A-EE35-4E2F-9879-8CCD8DDF65BB}.Debug|Any CPU.Build.0 = Debug|Any CPU
		{047CE52A-EE35-4E2F-9879-8CCD8DDF65BB}.Release|Any CPU.ActiveCfg = Release|Any CPU
		{047CE52A-EE35-4E2F-9879-8CCD8DDF65BB}.Release|Any CPU.Build.0 = Release|Any CPU
		{FBCBCD6A-AC72-4C17-A854-B4817C7827BD}.Debug|Any CPU.ActiveCfg = Debug|Any CPU
		{FBCBCD6A-AC72-4C17-A854-B4817C7827BD}.Debug|Any CPU.Build.0 = Debug|Any CPU
		{FBCBCD6A-AC72-4C17-A854-B4817C7827BD}.Release|Any CPU.ActiveCfg = Release|Any CPU
		{FBCBCD6A-AC72-4C17-A854-B4817C7827BD}.Release|Any CPU.Build.0 = Release|Any CPU
		{56F69907-81E1-4F01-92D0-C337C56823C1}.Debug|Any CPU.ActiveCfg = Debug|Any CPU
		{56F69907-81E1-4F01-92D0-C337C56823C1}.Debug|Any CPU.Build.0 = Debug|Any CPU
		{56F69907-81E1-4F01-92D0-C337C56823C1}.Release|Any CPU.ActiveCfg = Release|Any CPU
		{56F69907-81E1-4F01-92D0-C337C56823C1}.Release|Any CPU.Build.0 = Release|Any CPU
		{6E42F8DA-6BDD-4510-9E8A-8493F0623D44}.Debug|Any CPU.ActiveCfg = Debug|Any CPU
		{6E42F8DA-6BDD-4510-9E8A-8493F0623D44}.Debug|Any CPU.Build.0 = Debug|Any CPU
		{6E42F8DA-6BDD-4510-9E8A-8493F0623D44}.Release|Any CPU.ActiveCfg = Release|Any CPU
		{6E42F8DA-6BDD-4510-9E8A-8493F0623D44}.Release|Any CPU.Build.0 = Release|Any CPU
		{D54ABB6D-7B09-4F00-8FA5-13D33B79E94C}.Debug|Any CPU.ActiveCfg = Debug|Any CPU
		{D54ABB6D-7B09-4F00-8FA5-13D33B79E94C}.Debug|Any CPU.Build.0 = Debug|Any CPU
		{D54ABB6D-7B09-4F00-8FA5-13D33B79E94C}.Release|Any CPU.ActiveCfg = Release|Any CPU
		{D54ABB6D-7B09-4F00-8FA5-13D33B79E94C}.Release|Any CPU.Build.0 = Release|Any CPU
		{9EEEBB0A-C399-4B99-8CE8-F97B0012E620}.Debug|Any CPU.ActiveCfg = Debug|Any CPU
		{9EEEBB0A-C399-4B99-8CE8-F97B0012E620}.Debug|Any CPU.Build.0 = Debug|Any CPU
		{9EEEBB0A-C399-4B99-8CE8-F97B0012E620}.Release|Any CPU.ActiveCfg = Release|Any CPU
		{9EEEBB0A-C399-4B99-8CE8-F97B0012E620}.Release|Any CPU.Build.0 = Release|Any CPU
		{528FD532-6EDF-4D6C-B6F5-D00777C672F5}.Debug|Any CPU.ActiveCfg = Debug|Any CPU
		{528FD532-6EDF-4D6C-B6F5-D00777C672F5}.Debug|Any CPU.Build.0 = Debug|Any CPU
		{528FD532-6EDF-4D6C-B6F5-D00777C672F5}.Release|Any CPU.ActiveCfg = Release|Any CPU
		{528FD532-6EDF-4D6C-B6F5-D00777C672F5}.Release|Any CPU.Build.0 = Release|Any CPU
		{E669CB87-40FB-4C0A-ABC6-3007AF9C1345}.Debug|Any CPU.ActiveCfg = Debug|Any CPU
		{E669CB87-40FB-4C0A-ABC6-3007AF9C1345}.Debug|Any CPU.Build.0 = Debug|Any CPU
		{E669CB87-40FB-4C0A-ABC6-3007AF9C1345}.Release|Any CPU.ActiveCfg = Release|Any CPU
		{E669CB87-40FB-4C0A-ABC6-3007AF9C1345}.Release|Any CPU.Build.0 = Release|Any CPU
		{4E7AC92B-163B-4E9A-AC8F-5518B8F0F87B}.Debug|Any CPU.ActiveCfg = Debug|Any CPU
		{4E7AC92B-163B-4E9A-AC8F-5518B8F0F87B}.Debug|Any CPU.Build.0 = Debug|Any CPU
		{4E7AC92B-163B-4E9A-AC8F-5518B8F0F87B}.Release|Any CPU.ActiveCfg = Release|Any CPU
		{4E7AC92B-163B-4E9A-AC8F-5518B8F0F87B}.Release|Any CPU.Build.0 = Release|Any CPU
		{38893BCA-E2A7-40B2-B996-0A924DEACDE2}.Debug|Any CPU.ActiveCfg = Debug|Any CPU
		{38893BCA-E2A7-40B2-B996-0A924DEACDE2}.Debug|Any CPU.Build.0 = Debug|Any CPU
		{38893BCA-E2A7-40B2-B996-0A924DEACDE2}.Release|Any CPU.ActiveCfg = Release|Any CPU
		{38893BCA-E2A7-40B2-B996-0A924DEACDE2}.Release|Any CPU.Build.0 = Release|Any CPU
	EndGlobalSection
	GlobalSection(SolutionProperties) = preSolution
		HideSolutionNode = FALSE
	EndGlobalSection
	GlobalSection(NestedProjects) = preSolution
		{DDE9D82C-426B-4EEB-B1BF-926AB8D389BA} = {938EAF21-2216-4482-A1BF-9A33BFE15318}
		{027B83FA-11EE-4F30-AB95-74D3C08DB5F5} = {EFA96E05-BA46-4EDF-9ED3-3A7C6E7505B4}
		{DE6BE0FF-6A7B-48EB-9135-B6AB6383C599} = {23C2F006-8A8A-4B7B-90A4-658ACC118656}
		{F96C7D98-E8F9-4A1A-A26C-9942B6D7F481} = {2540D03B-A8C0-4F29-A5EB-D41C94D3ECE2}
		{579E7EB4-B739-4E6C-9FEA-26ACB7C0D572} = {23C2F006-8A8A-4B7B-90A4-658ACC118656}
		{C32EF8C2-4DC9-4108-B06A-EDA6E2CCDB17} = {23C2F006-8A8A-4B7B-90A4-658ACC118656}
		{187C989D-F61B-42F3-9DDC-040ABDE38E9A} = {23C2F006-8A8A-4B7B-90A4-658ACC118656}
		{2CA7DA3F-B4E9-40FA-A652-CE772E23BD1E} = {938EAF21-2216-4482-A1BF-9A33BFE15318}
		{75636F04-31F1-440A-9EA4-7F7B89FC69C8} = {938EAF21-2216-4482-A1BF-9A33BFE15318}
		{8A8F0EE4-EB28-415C-ABFA-A3BD6802A3F7} = {938EAF21-2216-4482-A1BF-9A33BFE15318}
		{047CE52A-EE35-4E2F-9879-8CCD8DDF65BB} = {EFA96E05-BA46-4EDF-9ED3-3A7C6E7505B4}
		{FBCBCD6A-AC72-4C17-A854-B4817C7827BD} = {EFA96E05-BA46-4EDF-9ED3-3A7C6E7505B4}
		{56F69907-81E1-4F01-92D0-C337C56823C1} = {EFA96E05-BA46-4EDF-9ED3-3A7C6E7505B4}
		{6E42F8DA-6BDD-4510-9E8A-8493F0623D44} = {F602F3C1-97E2-4FC1-AE50-EB5EF6188FED}
		{A55AA7E4-77B4-410B-B196-F6FE0E5F6AE5} = {F602F3C1-97E2-4FC1-AE50-EB5EF6188FED}
		{0D62784F-AC6E-4AE5-B402-B8B4193490FC} = {F602F3C1-97E2-4FC1-AE50-EB5EF6188FED}
		{D54ABB6D-7B09-4F00-8FA5-13D33B79E94C} = {A55AA7E4-77B4-410B-B196-F6FE0E5F6AE5}
		{9EEEBB0A-C399-4B99-8CE8-F97B0012E620} = {A55AA7E4-77B4-410B-B196-F6FE0E5F6AE5}
		{528FD532-6EDF-4D6C-B6F5-D00777C672F5} = {A55AA7E4-77B4-410B-B196-F6FE0E5F6AE5}
		{E669CB87-40FB-4C0A-ABC6-3007AF9C1345} = {0D62784F-AC6E-4AE5-B402-B8B4193490FC}
		{4E7AC92B-163B-4E9A-AC8F-5518B8F0F87B} = {0D62784F-AC6E-4AE5-B402-B8B4193490FC}
		{38893BCA-E2A7-40B2-B996-0A924DEACDE2} = {0D62784F-AC6E-4AE5-B402-B8B4193490FC}
	EndGlobalSection
EndGlobal
